
Microsoft Visual Studio Solution File, Format Version 12.00
# Visual Studio Version 16
VisualStudioVersion = 16.0.29613.14
MinimumVisualStudioVersion = 10.0.40219.1
Project("{FAE04EC0-301F-11D3-BF4B-00C04F79EFBC}") = "SunriseSunsetAPI", "SunriseSunsetAPI\SunriseSunsetAPI.csproj", "{B82510DD-5AC8-45C7-83A7-45E279E651A7}"
EndProject
Global
	GlobalSection(SolutionConfigurationPlatforms) = preSolution
		Debug|Any CPU = Debug|Any CPU
		Release|Any CPU = Release|Any CPU
	EndGlobalSection
	GlobalSection(ProjectConfigurationPlatforms) = postSolution
		{B82510DD-5AC8-45C7-83A7-45E279E651A7}.Debug|Any CPU.ActiveCfg = Debug|Any CPU
		{B82510DD-5AC8-45C7-83A7-45E279E651A7}.Debug|Any CPU.Build.0 = Debug|Any CPU
		{B82510DD-5AC8-45C7-83A7-45E279E651A7}.Release|Any CPU.ActiveCfg = Release|Any CPU
		{B82510DD-5AC8-45C7-83A7-45E279E651A7}.Release|Any CPU.Build.0 = Release|Any CPU
	EndGlobalSection
	GlobalSection(SolutionProperties) = preSolution
		HideSolutionNode = FALSE
	EndGlobalSection
	GlobalSection(ExtensibilityGlobals) = postSolution
		SolutionGuid = {FE9C9584-386F-4E98-AB1C-F23F8D284D86}
	EndGlobalSection
EndGlobal
